
Microsoft Visual Studio Solution File, Format Version 11.00
# Visual Studio 2010
Project("{8BC9CEB8-8B4A-11D0-8D11-00A0C91BC942}") = "ECHO-server", "ECHO-server\ECHO-server.vcxproj", "{E3F1BDF3-FEDB-4B43-A73A-92971313457B}"
EndProject
Global
	GlobalSection(SolutionConfigurationPlatforms) = preSolution
		Debug|Win32 = Debug|Win32
		Release|Win32 = Release|Win32
	EndGlobalSection
	GlobalSection(ProjectConfigurationPlatforms) = postSolution
		{E3F1BDF3-FEDB-4B43-A73A-92971313457B}.Debug|Win32.ActiveCfg = Debug|Win32
		{E3F1BDF3-FEDB-4B43-A73A-92971313457B}.Debug|Win32.Build.0 = Debug|Win32
		{E3F1BDF3-FEDB-4B43-A73A-92971313457B}.Release|Win32.ActiveCfg = Release|Win32
		{E3F1BDF3-FEDB-4B43-A73A-92971313457B}.Release|Win32.Build.0 = Release|Win32
	EndGlobalSection
	GlobalSection(SolutionProperties) = preSolution
		HideSolutionNode = FALSE
	EndGlobalSection
EndGlobal
