
Microsoft Visual Studio Solution File, Format Version 11.00
# Visual Studio 2010
Project("{8BC9CEB8-8B4A-11D0-8D11-00A0C91BC942}") = "scheduler", "scheduler\scheduler.vcxproj", "{E2FFEA00-0040-47AF-B171-060304BD9D47}"
EndProject
Project("{8BC9CEB8-8B4A-11D0-8D11-00A0C91BC942}") = "receiver", "receiver\receiver.vcxproj", "{7850A672-374A-49E6-980E-4B257648E587}"
EndProject
Project("{8BC9CEB8-8B4A-11D0-8D11-00A0C91BC942}") = "service", "service\service.vcxproj", "{8D0E6FC2-E227-440E-A2B4-7AEEB1592CF1}"
EndProject
Project("{8BC9CEB8-8B4A-11D0-8D11-00A0C91BC942}") = "naming_service", "naming_service\naming_service.vcxproj", "{9A4A4488-FE81-49BA-ADF0-D40E00A3C762}"
EndProject
Global
	GlobalSection(SolutionConfigurationPlatforms) = preSolution
		Debug|Win32 = Debug|Win32
		Release|Win32 = Release|Win32
	EndGlobalSection
	GlobalSection(ProjectConfigurationPlatforms) = postSolution
		{E2FFEA00-0040-47AF-B171-060304BD9D47}.Debug|Win32.ActiveCfg = Debug|Win32
		{E2FFEA00-0040-47AF-B171-060304BD9D47}.Debug|Win32.Build.0 = Debug|Win32
		{E2FFEA00-0040-47AF-B171-060304BD9D47}.Release|Win32.ActiveCfg = Release|Win32
		{E2FFEA00-0040-47AF-B171-060304BD9D47}.Release|Win32.Build.0 = Release|Win32
		{7850A672-374A-49E6-980E-4B257648E587}.Debug|Win32.ActiveCfg = Debug|Win32
		{7850A672-374A-49E6-980E-4B257648E587}.Debug|Win32.Build.0 = Debug|Win32
		{7850A672-374A-49E6-980E-4B257648E587}.Release|Win32.ActiveCfg = Release|Win32
		{7850A672-374A-49E6-980E-4B257648E587}.Release|Win32.Build.0 = Release|Win32
		{8D0E6FC2-E227-440E-A2B4-7AEEB1592CF1}.Debug|Win32.ActiveCfg = Debug|Win32
		{8D0E6FC2-E227-440E-A2B4-7AEEB1592CF1}.Debug|Win32.Build.0 = Debug|Win32
		{8D0E6FC2-E227-440E-A2B4-7AEEB1592CF1}.Release|Win32.ActiveCfg = Release|Win32
		{8D0E6FC2-E227-440E-A2B4-7AEEB1592CF1}.Release|Win32.Build.0 = Release|Win32
		{9A4A4488-FE81-49BA-ADF0-D40E00A3C762}.Debug|Win32.ActiveCfg = Debug|Win32
		{9A4A4488-FE81-49BA-ADF0-D40E00A3C762}.Debug|Win32.Build.0 = Debug|Win32
		{9A4A4488-FE81-49BA-ADF0-D40E00A3C762}.Release|Win32.ActiveCfg = Release|Win32
		{9A4A4488-FE81-49BA-ADF0-D40E00A3C762}.Release|Win32.Build.0 = Release|Win32
	EndGlobalSection
	GlobalSection(SolutionProperties) = preSolution
		HideSolutionNode = FALSE
	EndGlobalSection
EndGlobal
